Microsoft Visual Studio Solution File, Format Version 12.00
# Visual Studio Version 17
VisualStudioVersion = 17.5.2.0
MinimumVisualStudioVersion = 10.0.40219.1
Project("{FAE04EC0-301F-11D3-BF4B-00C04F79EFBC}") = "temperature-api", "temperature-api.csproj", "{2C32B0B5-232A-634A-3384-4CD37815C2FD}"
EndProject
Global
	GlobalSection(SolutionConfigurationPlatforms) = preSolution
		Debug|Any CPU = Debug|Any CPU
		Release|Any CPU = Release|Any CPU
	EndGlobalSection
	GlobalSection(ProjectConfigurationPlatforms) = postSolution
		{2C32B0B5-232A-634A-3384-4CD37815C2FD}.Debug|Any CPU.ActiveCfg = Debug|Any CPU
		{2C32B0B5-232A-634A-3384-4CD37815C2FD}.Debug|Any CPU.Build.0 = Debug|Any CPU
		{2C32B0B5-232A-634A-3384-4CD37815C2FD}.Release|Any CPU.ActiveCfg = Release|Any CPU
		{2C32B0B5-232A-634A-3384-4CD37815C2FD}.Release|Any CPU.Build.0 = Release|Any CPU
	EndGlobalSection
	GlobalSection(SolutionProperties) = preSolution
		HideSolutionNode = FALSE
	EndGlobalSection
	GlobalSection(ExtensibilityGlobals) = postSolution
		SolutionGuid = {4AD0D10C-3D24-4C43-BA69-67DC7C28AE95}
	EndGlobalSection
EndGlobal
