
Microsoft Visual Studio Solution File, Format Version 12.00
# Visual Studio Version 17
VisualStudioVersion = 17.11.35219.272
MinimumVisualStudioVersion = 10.0.40219.1
Project("{9A19103F-16F7-4668-BE54-9A1E7A4F7556}") = "temperature-api", "temperature-api\temperature-api.csproj", "{642BC380-9596-402E-A85E-54880AD1ACF0}"
EndProject
Global
	GlobalSection(SolutionConfigurationPlatforms) = preSolution
		Debug|Any CPU = Debug|Any CPU
		Release|Any CPU = Release|Any CPU
	EndGlobalSection
	GlobalSection(ProjectConfigurationPlatforms) = postSolution
		{642BC380-9596-402E-A85E-54880AD1ACF0}.Debug|Any CPU.ActiveCfg = Debug|Any CPU
		{642BC380-9596-402E-A85E-54880AD1ACF0}.Debug|Any CPU.Build.0 = Debug|Any CPU
		{642BC380-9596-402E-A85E-54880AD1ACF0}.Release|Any CPU.ActiveCfg = Release|Any CPU
		{642BC380-9596-402E-A85E-54880AD1ACF0}.Release|Any CPU.Build.0 = Release|Any CPU
	EndGlobalSection
	GlobalSection(SolutionProperties) = preSolution
		HideSolutionNode = FALSE
	EndGlobalSection
	GlobalSection(ExtensibilityGlobals) = postSolution
		SolutionGuid = {3D64955D-4759-43B3-8223-F052CC024113}
	EndGlobalSection
EndGlobal
